
Microsoft Visual Studio Solution File, Format Version 12.00
# Visual Studio Version 17
VisualStudioVersion = 17.13.35828.75 d17.13
MinimumVisualStudioVersion = 10.0.40219.1
Project("{FAE04EC0-301F-11D3-BF4B-00C04F79EFBC}") = "HelloWorldSection2", "HelloWorldSection2.csproj", "{C613F7A4-B639-4E65-9629-BC9C32498378}"
EndProject
Project("{FAE04EC0-301F-11D3-BF4B-00C04F79EFBC}") = "HelloWorld.Test", "..\HelloWorld.Test\HelloWorld.Test.csproj", "{56BFD732-5B19-4431-A6D6-873D043C3DC9}"
EndProject
Project("{FAE04EC0-301F-11D3-BF4B-00C04F79EFBC}") = "DoHelloWorlds", "..\DoHelloWorlds\DoHelloWorlds.csproj", "{8C43B17B-CF0A-4DAD-BBB3-CFA5AC78D496}"
EndProject
Global
	GlobalSection(SolutionConfigurationPlatforms) = preSolution
		Debug|Any CPU = Debug|Any CPU
		Release|Any CPU = Release|Any CPU
	EndGlobalSection
	GlobalSection(ProjectConfigurationPlatforms) = postSolution
		{C613F7A4-B639-4E65-9629-BC9C32498378}.Debug|Any CPU.ActiveCfg = Debug|Any CPU
		{C613F7A4-B639-4E65-9629-BC9C32498378}.Debug|Any CPU.Build.0 = Debug|Any CPU
		{C613F7A4-B639-4E65-9629-BC9C32498378}.Release|Any CPU.ActiveCfg = Release|Any CPU
		{C613F7A4-B639-4E65-9629-BC9C32498378}.Release|Any CPU.Build.0 = Release|Any CPU
		{56BFD732-5B19-4431-A6D6-873D043C3DC9}.Debug|Any CPU.ActiveCfg = Debug|Any CPU
		{56BFD732-5B19-4431-A6D6-873D043C3DC9}.Debug|Any CPU.Build.0 = Debug|Any CPU
		{56BFD732-5B19-4431-A6D6-873D043C3DC9}.Release|Any CPU.ActiveCfg = Release|Any CPU
		{56BFD732-5B19-4431-A6D6-873D043C3DC9}.Release|Any CPU.Build.0 = Release|Any CPU
		{8C43B17B-CF0A-4DAD-BBB3-CFA5AC78D496}.Debug|Any CPU.ActiveCfg = Debug|Any CPU
		{8C43B17B-CF0A-4DAD-BBB3-CFA5AC78D496}.Debug|Any CPU.Build.0 = Debug|Any CPU
		{8C43B17B-CF0A-4DAD-BBB3-CFA5AC78D496}.Release|Any CPU.ActiveCfg = Release|Any CPU
		{8C43B17B-CF0A-4DAD-BBB3-CFA5AC78D496}.Release|Any CPU.Build.0 = Release|Any CPU
	EndGlobalSection
	GlobalSection(SolutionProperties) = preSolution
		HideSolutionNode = FALSE
	EndGlobalSection
	GlobalSection(ExtensibilityGlobals) = postSolution
		SolutionGuid = {5501B6EF-619A-4058-9BE6-D68E21226D10}
	EndGlobalSection
EndGlobal
